
Microsoft Visual Studio Solution File, Format Version 12.00
# Visual Studio Version 16
VisualStudioVersion = 16.0.31112.23
MinimumVisualStudioVersion = 10.0.40219.1
Project("{FAE04EC0-301F-11D3-BF4B-00C04F79EFBC}") = "Eth2Status", "Eth2Status\Eth2Status.csproj", "{B5206E81-3E1A-4E51-85DD-AF0D6FEFAE6D}"
EndProject
Global
	GlobalSection(SolutionConfigurationPlatforms) = preSolution
		Debug|Any CPU = Debug|Any CPU
		Release|Any CPU = Release|Any CPU
	EndGlobalSection
	GlobalSection(ProjectConfigurationPlatforms) = postSolution
		{B5206E81-3E1A-4E51-85DD-AF0D6FEFAE6D}.Debug|Any CPU.ActiveCfg = Debug|Any CPU
		{B5206E81-3E1A-4E51-85DD-AF0D6FEFAE6D}.Debug|Any CPU.Build.0 = Debug|Any CPU
		{B5206E81-3E1A-4E51-85DD-AF0D6FEFAE6D}.Release|Any CPU.ActiveCfg = Release|Any CPU
		{B5206E81-3E1A-4E51-85DD-AF0D6FEFAE6D}.Release|Any CPU.Build.0 = Release|Any CPU
	EndGlobalSection
	GlobalSection(SolutionProperties) = preSolution
		HideSolutionNode = FALSE
	EndGlobalSection
	GlobalSection(ExtensibilityGlobals) = postSolution
		SolutionGuid = {4D552D80-5FCD-424A-B125-AE0A2E307A28}
	EndGlobalSection
EndGlobal
